// !$*UTF8*$!
{
	archiveVersion = 1;
	classes = {
	};
	objectVersion = 56;
	objects = {

/* Begin PBXBuildFile section */
		55921AD62CD0DE2000E46DB1 /* AppDelegate.swift in Sources */ = {isa = PBXBuildFile; fileRef = 55921AD52CD0DE2000E46DB1 /* AppDelegate.swift */; };
		55921AD82CD0DE2000E46DB1 /* SceneDelegate.swift in Sources */ = {isa = PBXBuildFile; fileRef = 55921AD72CD0DE2000E46DB1 /* SceneDelegate.swift */; };
		55921ADF2CD0DE2100E46DB1 /* Assets.xcassets in Resources */ = {isa = PBXBuildFile; fileRef = 55921ADE2CD0DE2100E46DB1 /* Assets.xcassets */; };
		55921AE22CD0DE2100E46DB1 /* Base in Resources */ = {isa = PBXBuildFile; fileRef = 55921AE12CD0DE2100E46DB1 /* Base */; };
		55921AED2CD0DE2100E46DB1 /* AgileContentTests.swift in Sources */ = {isa = PBXBuildFile; fileRef = 55921AEC2CD0DE2100E46DB1 /* AgileContentTests.swift */; };
		55921AF72CD0DE2100E46DB1 /* AgileContentUITests.swift in Sources */ = {isa = PBXBuildFile; fileRef = 55921AF62CD0DE2100E46DB1 /* AgileContentUITests.swift */; };
		55921AF92CD0DE2100E46DB1 /* AgileContentUITestsLaunchTests.swift in Sources */ = {isa = PBXBuildFile; fileRef = 55921AF82CD0DE2100E46DB1 /* AgileContentUITestsLaunchTests.swift */; };
		55921B0D2CD0E16600E46DB1 /* HomeRouter.swift in Sources */ = {isa = PBXBuildFile; fileRef = 55921B092CD0E16600E46DB1 /* HomeRouter.swift */; };
		55921B0E2CD0E16600E46DB1 /* HomeViewController.swift in Sources */ = {isa = PBXBuildFile; fileRef = 55921B0A2CD0E16600E46DB1 /* HomeViewController.swift */; };
		55921B0F2CD0E16600E46DB1 /* HomeViewModel.swift in Sources */ = {isa = PBXBuildFile; fileRef = 55921B0B2CD0E16600E46DB1 /* HomeViewModel.swift */; };
		55921B102CD0E16600E46DB1 /* HomeViewController.xib in Resources */ = {isa = PBXBuildFile; fileRef = 55921B0C2CD0E16600E46DB1 /* HomeViewController.xib */; };
		55921B142CD0E50A00E46DB1 /* ServiceProtocol.swift in Sources */ = {isa = PBXBuildFile; fileRef = 55921B132CD0E50A00E46DB1 /* ServiceProtocol.swift */; };
		55921B162CD0E58100E46DB1 /* ServicePath.swift in Sources */ = {isa = PBXBuildFile; fileRef = 55921B152CD0E58100E46DB1 /* ServicePath.swift */; };
		55921B182CD0E60C00E46DB1 /* ServiceImpl.swift in Sources */ = {isa = PBXBuildFile; fileRef = 55921B172CD0E60C00E46DB1 /* ServiceImpl.swift */; };
		55921B1A2CD0E63800E46DB1 /* ResultResponse.swift in Sources */ = {isa = PBXBuildFile; fileRef = 55921B192CD0E63800E46DB1 /* ResultResponse.swift */; };
		55921B1C2CD0E66C00E46DB1 /* APIErrorResponse.swift in Sources */ = {isa = PBXBuildFile; fileRef = 55921B1B2CD0E66C00E46DB1 /* APIErrorResponse.swift */; };
		55921B1F2CD0E7C700E46DB1 /* Repo.swift in Sources */ = {isa = PBXBuildFile; fileRef = 55921B1E2CD0E7C700E46DB1 /* Repo.swift */; };
		55921B212CD0E96200E46DB1 /* Owner.swift in Sources */ = {isa = PBXBuildFile; fileRef = 55921B202CD0E96200E46DB1 /* Owner.swift */; };
		55921B252CD0EF9900E46DB1 /* UIViewController+Ext.swift in Sources */ = {isa = PBXBuildFile; fileRef = 55921B242CD0EF9900E46DB1 /* UIViewController+Ext.swift */; };
		55921B2B2CD0F85400E46DB1 /* Localizable.strings in Resources */ = {isa = PBXBuildFile; fileRef = 55921B292CD0F85400E46DB1 /* Localizable.strings */; };
		55921B2E2CD0F96700E46DB1 /* Strings+Ext.swift in Sources */ = {isa = PBXBuildFile; fileRef = 55921B2D2CD0F96700E46DB1 /* Strings+Ext.swift */; };
		55921B302CD0FE4A00E46DB1 /* GithubError.swift in Sources */ = {isa = PBXBuildFile; fileRef = 55921B2F2CD0FE4A00E46DB1 /* GithubError.swift */; };
		55921B362CD0FFC800E46DB1 /* DetailsRouter.swift in Sources */ = {isa = PBXBuildFile; fileRef = 55921B322CD0FFC800E46DB1 /* DetailsRouter.swift */; };
		55921B372CD0FFC800E46DB1 /* DetailsViewController.swift in Sources */ = {isa = PBXBuildFile; fileRef = 55921B332CD0FFC800E46DB1 /* DetailsViewController.swift */; };
		55921B382CD0FFC800E46DB1 /* DetailsViewModel.swift in Sources */ = {isa = PBXBuildFile; fileRef = 55921B342CD0FFC800E46DB1 /* DetailsViewModel.swift */; };
		55921B392CD0FFC800E46DB1 /* DetailsViewController.xib in Resources */ = {isa = PBXBuildFile; fileRef = 55921B352CD0FFC800E46DB1 /* DetailsViewController.xib */; };
		55921B3D2CD1025D00E46DB1 /* ProfileView.swift in Sources */ = {isa = PBXBuildFile; fileRef = 55921B3B2CD1025D00E46DB1 /* ProfileView.swift */; };
		55921B3E2CD1025D00E46DB1 /* ProfileView.xib in Resources */ = {isa = PBXBuildFile; fileRef = 55921B3C2CD1025D00E46DB1 /* ProfileView.xib */; };
		55921B402CD1070500E46DB1 /* UIImageView+Ext.swift in Sources */ = {isa = PBXBuildFile; fileRef = 55921B3F2CD1070500E46DB1 /* UIImageView+Ext.swift */; };
		55921B452CD1157A00E46DB1 /* HomeViewModelTests.swift in Sources */ = {isa = PBXBuildFile; fileRef = 55921B442CD1157A00E46DB1 /* HomeViewModelTests.swift */; };
		55921B492CD115E100E46DB1 /* MockHomeView.swift in Sources */ = {isa = PBXBuildFile; fileRef = 55921B482CD115E100E46DB1 /* MockHomeView.swift */; };
		55921B4B2CD117F700E46DB1 /* MockService.swift in Sources */ = {isa = PBXBuildFile; fileRef = 55921B4A2CD117F700E46DB1 /* MockService.swift */; };
		55921B4D2CD11FC000E46DB1 /* MockRouter.swift in Sources */ = {isa = PBXBuildFile; fileRef = 55921B4C2CD11FC000E46DB1 /* MockRouter.swift */; };
		55921B4F2CD120B900E46DB1 /* MockFactory.swift in Sources */ = {isa = PBXBuildFile; fileRef = 55921B4E2CD120B900E46DB1 /* MockFactory.swift */; };
		55921B512CD1282F00E46DB1 /* DetailsViewModelTests.swift in Sources */ = {isa = PBXBuildFile; fileRef = 55921B502CD1282F00E46DB1 /* DetailsViewModelTests.swift */; };
/* End PBXBuildFile section */

/* Begin PBXContainerItemProxy section */
		55921AE92CD0DE2100E46DB1 /* PBXContainerItemProxy */ = {
			isa = PBXContainerItemProxy;
			containerPortal = 55921ACA2CD0DE2000E46DB1 /* Project object */;
			proxyType = 1;
			remoteGlobalIDString = 55921AD12CD0DE2000E46DB1;
			remoteInfo = AgileContent;
		};
		55921AF32CD0DE2100E46DB1 /* PBXContainerItemProxy */ = {
			isa = PBXContainerItemProxy;
			containerPortal = 55921ACA2CD0DE2000E46DB1 /* Project object */;
			proxyType = 1;
			remoteGlobalIDString = 55921AD12CD0DE2000E46DB1;
			remoteInfo = AgileContent;
		};
/* End PBXContainerItemProxy section */

/* Begin PBXFileReference section */
		55921AD22CD0DE2000E46DB1 /* AgileContent.app */ = {isa = PBXFileReference; explicitFileType = wrapper.application; includeInIndex = 0; path = AgileContent.app; sourceTree = BUILT_PRODUCTS_DIR; };
		55921AD52CD0DE2000E46DB1 /* AppDelegate.swift */ = {isa = PBXFileReference; lastKnownFileType = sourcecode.swift; path = AppDelegate.swift; sourceTree = "<group>"; };
		55921AD72CD0DE2000E46DB1 /* SceneDelegate.swift */ = {isa = PBXFileReference; lastKnownFileType = sourcecode.swift; path = SceneDelegate.swift; sourceTree = "<group>"; };
		55921ADE2CD0DE2100E46DB1 /* Assets.xcassets */ = {isa = PBXFileReference; lastKnownFileType = folder.assetcatalog; path = Assets.xcassets; sourceTree = "<group>"; };
		55921AE12CD0DE2100E46DB1 /* Base */ = {isa = PBXFileReference; lastKnownFileType = file.storyboard; name = Base; path = Base.lproj/LaunchScreen.storyboard; sourceTree = "<group>"; };
		55921AE32CD0DE2100E46DB1 /* Info.plist */ = {isa = PBXFileReference; lastKnownFileType = text.plist.xml; path = Info.plist; sourceTree = "<group>"; };
		55921AE82CD0DE2100E46DB1 /* AgileContentTests.xctest */ = {isa = PBXFileReference; explicitFileType = wrapper.cfbundle; includeInIndex = 0; path = AgileContentTests.xctest; sourceTree = BUILT_PRODUCTS_DIR; };
		55921AEC2CD0DE2100E46DB1 /* AgileContentTests.swift */ = {isa = PBXFileReference; lastKnownFileType = sourcecode.swift; path = AgileContentTests.swift; sourceTree = "<group>"; };
		55921AF22CD0DE2100E46DB1 /* AgileContentUITests.xctest */ = {isa = PBXFileReference; explicitFileType = wrapper.cfbundle; includeInIndex = 0; path = AgileContentUITests.xctest; sourceTree = BUILT_PRODUCTS_DIR; };
		55921AF62CD0DE2100E46DB1 /* AgileContentUITests.swift */ = {isa = PBXFileReference; lastKnownFileType = sourcecode.swift; path = AgileContentUITests.swift; sourceTree = "<group>"; };
		55921AF82CD0DE2100E46DB1 /* AgileContentUITestsLaunchTests.swift */ = {isa = PBXFileReference; lastKnownFileType = sourcecode.swift; path = AgileContentUITestsLaunchTests.swift; sourceTree = "<group>"; };
		55921B092CD0E16600E46DB1 /* HomeRouter.swift */ = {isa = PBXFileReference; lastKnownFileType = sourcecode.swift; path = HomeRouter.swift; sourceTree = "<group>"; };
		55921B0A2CD0E16600E46DB1 /* HomeViewController.swift */ = {isa = PBXFileReference; lastKnownFileType = sourcecode.swift; path = HomeViewController.swift; sourceTree = "<group>"; };
		55921B0B2CD0E16600E46DB1 /* HomeViewModel.swift */ = {isa = PBXFileReference; lastKnownFileType = sourcecode.swift; path = HomeViewModel.swift; sourceTree = "<group>"; };
		55921B0C2CD0E16600E46DB1 /* HomeViewController.xib */ = {isa = PBXFileReference; lastKnownFileType = file.xib; path = HomeViewController.xib; sourceTree = "<group>"; };
		55921B132CD0E50A00E46DB1 /* ServiceProtocol.swift */ = {isa = PBXFileReference; lastKnownFileType = sourcecode.swift; path = ServiceProtocol.swift; sourceTree = "<group>"; };
		55921B152CD0E58100E46DB1 /* ServicePath.swift */ = {isa = PBXFileReference; lastKnownFileType = sourcecode.swift; path = ServicePath.swift; sourceTree = "<group>"; };
		55921B172CD0E60C00E46DB1 /* ServiceImpl.swift */ = {isa = PBXFileReference; lastKnownFileType = sourcecode.swift; path = ServiceImpl.swift; sourceTree = "<group>"; };
		55921B192CD0E63800E46DB1 /* ResultResponse.swift */ = {isa = PBXFileReference; lastKnownFileType = sourcecode.swift; path = ResultResponse.swift; sourceTree = "<group>"; };
		55921B1B2CD0E66C00E46DB1 /* APIErrorResponse.swift */ = {isa = PBXFileReference; lastKnownFileType = sourcecode.swift; path = APIErrorResponse.swift; sourceTree = "<group>"; };
		55921B1E2CD0E7C700E46DB1 /* Repo.swift */ = {isa = PBXFileReference; lastKnownFileType = sourcecode.swift; path = Repo.swift; sourceTree = "<group>"; };
		55921B202CD0E96200E46DB1 /* Owner.swift */ = {isa = PBXFileReference; lastKnownFileType = sourcecode.swift; path = Owner.swift; sourceTree = "<group>"; };
		55921B242CD0EF9900E46DB1 /* UIViewController+Ext.swift */ = {isa = PBXFileReference; lastKnownFileType = sourcecode.swift; path = "UIViewController+Ext.swift"; sourceTree = "<group>"; };
		55921B2A2CD0F85400E46DB1 /* en */ = {isa = PBXFileReference; lastKnownFileType = text.plist.strings; name = en; path = en.lproj/Localizable.strings; sourceTree = "<group>"; };
		55921B2C2CD0F86B00E46DB1 /* es */ = {isa = PBXFileReference; lastKnownFileType = text.plist.strings; name = es; path = es.lproj/Localizable.strings; sourceTree = "<group>"; };
		55921B2D2CD0F96700E46DB1 /* Strings+Ext.swift */ = {isa = PBXFileReference; lastKnownFileType = sourcecode.swift; path = "Strings+Ext.swift"; sourceTree = "<group>"; };
		55921B2F2CD0FE4A00E46DB1 /* GithubError.swift */ = {isa = PBXFileReference; lastKnownFileType = sourcecode.swift; path = GithubError.swift; sourceTree = "<group>"; };
		55921B322CD0FFC800E46DB1 /* DetailsRouter.swift */ = {isa = PBXFileReference; lastKnownFileType = sourcecode.swift; path = DetailsRouter.swift; sourceTree = "<group>"; };
		55921B332CD0FFC800E46DB1 /* DetailsViewController.swift */ = {isa = PBXFileReference; lastKnownFileType = sourcecode.swift; path = DetailsViewController.swift; sourceTree = "<group>"; };
		55921B342CD0FFC800E46DB1 /* DetailsViewModel.swift */ = {isa = PBXFileReference; lastKnownFileType = sourcecode.swift; path = DetailsViewModel.swift; sourceTree = "<group>"; };
		55921B352CD0FFC800E46DB1 /* DetailsViewController.xib */ = {isa = PBXFileReference; lastKnownFileType = file.xib; path = DetailsViewController.xib; sourceTree = "<group>"; };
		55921B3B2CD1025D00E46DB1 /* ProfileView.swift */ = {isa = PBXFileReference; lastKnownFileType = sourcecode.swift; path = ProfileView.swift; sourceTree = "<group>"; };
		55921B3C2CD1025D00E46DB1 /* ProfileView.xib */ = {isa = PBXFileReference; lastKnownFileType = file.xib; path = ProfileView.xib; sourceTree = "<group>"; };
		55921B3F2CD1070500E46DB1 /* UIImageView+Ext.swift */ = {isa = PBXFileReference; lastKnownFileType = sourcecode.swift; path = "UIImageView+Ext.swift"; sourceTree = "<group>"; };
		55921B442CD1157A00E46DB1 /* HomeViewModelTests.swift */ = {isa = PBXFileReference; lastKnownFileType = sourcecode.swift; path = HomeViewModelTests.swift; sourceTree = "<group>"; };
		55921B482CD115E100E46DB1 /* MockHomeView.swift */ = {isa = PBXFileReference; lastKnownFileType = sourcecode.swift; path = MockHomeView.swift; sourceTree = "<group>"; };
		55921B4A2CD117F700E46DB1 /* MockService.swift */ = {isa = PBXFileReference; lastKnownFileType = sourcecode.swift; path = MockService.swift; sourceTree = "<group>"; };
		55921B4C2CD11FC000E46DB1 /* MockRouter.swift */ = {isa = PBXFileReference; lastKnownFileType = sourcecode.swift; path = MockRouter.swift; sourceTree = "<group>"; };
		55921B4E2CD120B900E46DB1 /* MockFactory.swift */ = {isa = PBXFileReference; lastKnownFileType = sourcecode.swift; path = MockFactory.swift; sourceTree = "<group>"; };
		55921B502CD1282F00E46DB1 /* DetailsViewModelTests.swift */ = {isa = PBXFileReference; lastKnownFileType = sourcecode.swift; path = DetailsViewModelTests.swift; sourceTree = "<group>"; };
/* End PBXFileReference section */

/* Begin PBXFrameworksBuildPhase section */
		55921ACF2CD0DE2000E46DB1 /* Frameworks */ = {
			isa = PBXFrameworksBuildPhase;
			buildActionMask = 2147483647;
			files = (
			);
			runOnlyForDeploymentPostprocessing = 0;
		};
		55921AE52CD0DE2100E46DB1 /* Frameworks */ = {
			isa = PBXFrameworksBuildPhase;
			buildActionMask = 2147483647;
			files = (
			);
			runOnlyForDeploymentPostprocessing = 0;
		};
		55921AEF2CD0DE2100E46DB1 /* Frameworks */ = {
			isa = PBXFrameworksBuildPhase;
			buildActionMask = 2147483647;
			files = (
			);
			runOnlyForDeploymentPostprocessing = 0;
		};
/* End PBXFrameworksBuildPhase section */

/* Begin PBXGroup section */
		55921AC92CD0DE2000E46DB1 = {
			isa = PBXGroup;
			children = (
				55921AD42CD0DE2000E46DB1 /* AgileContent */,
				55921AEB2CD0DE2100E46DB1 /* AgileContentTests */,
				55921AF52CD0DE2100E46DB1 /* AgileContentUITests */,
				55921AD32CD0DE2000E46DB1 /* Products */,
			);
			sourceTree = "<group>";
		};
		55921AD32CD0DE2000E46DB1 /* Products */ = {
			isa = PBXGroup;
			children = (
				55921AD22CD0DE2000E46DB1 /* AgileContent.app */,
				55921AE82CD0DE2100E46DB1 /* AgileContentTests.xctest */,
				55921AF22CD0DE2100E46DB1 /* AgileContentUITests.xctest */,
			);
			name = Products;
			sourceTree = "<group>";
		};
		55921AD42CD0DE2000E46DB1 /* AgileContent */ = {
			isa = PBXGroup;
			children = (
				55921B062CD0E12C00E46DB1 /* App */,
				55921B222CD0EF7B00E46DB1 /* Commons */,
				55921B1D2CD0E7BB00E46DB1 /* Models */,
				55921B112CD0E43300E46DB1 /* Service */,
				55921B052CD0E12500E46DB1 /* UI */,
				55921B072CD0E13100E46DB1 /* Resources */,
				55921AE02CD0DE2100E46DB1 /* LaunchScreen.storyboard */,
				55921AE32CD0DE2100E46DB1 /* Info.plist */,
			);
			path = AgileContent;
			sourceTree = "<group>";
		};
		55921AEB2CD0DE2100E46DB1 /* AgileContentTests */ = {
			isa = PBXGroup;
			children = (
				55921B412CD1155500E46DB1 /* UI */,
				55921AEC2CD0DE2100E46DB1 /* AgileContentTests.swift */,
			);
			path = AgileContentTests;
			sourceTree = "<group>";
		};
		55921AF52CD0DE2100E46DB1 /* AgileContentUITests */ = {
			isa = PBXGroup;
			children = (
				55921AF62CD0DE2100E46DB1 /* AgileContentUITests.swift */,
				55921AF82CD0DE2100E46DB1 /* AgileContentUITestsLaunchTests.swift */,
			);
			path = AgileContentUITests;
			sourceTree = "<group>";
		};
		55921B052CD0E12500E46DB1 /* UI */ = {
			isa = PBXGroup;
			children = (
				55921B312CD0FFB800E46DB1 /* Details */,
				55921B082CD0E13800E46DB1 /* Home */,
			);
			path = UI;
			sourceTree = "<group>";
		};
		55921B062CD0E12C00E46DB1 /* App */ = {
			isa = PBXGroup;
			children = (
				55921AD52CD0DE2000E46DB1 /* AppDelegate.swift */,
				55921AD72CD0DE2000E46DB1 /* SceneDelegate.swift */,
			);
			path = App;
			sourceTree = "<group>";
		};
		55921B072CD0E13100E46DB1 /* Resources */ = {
			isa = PBXGroup;
			children = (
				55921ADE2CD0DE2100E46DB1 /* Assets.xcassets */,
				55921B292CD0F85400E46DB1 /* Localizable.strings */,
			);
			path = Resources;
			sourceTree = "<group>";
		};
		55921B082CD0E13800E46DB1 /* Home */ = {
			isa = PBXGroup;
			children = (
				55921B092CD0E16600E46DB1 /* HomeRouter.swift */,
				55921B0B2CD0E16600E46DB1 /* HomeViewModel.swift */,
				55921B0A2CD0E16600E46DB1 /* HomeViewController.swift */,
				55921B0C2CD0E16600E46DB1 /* HomeViewController.xib */,
			);
			path = Home;
			sourceTree = "<group>";
		};
		55921B112CD0E43300E46DB1 /* Service */ = {
			isa = PBXGroup;
			children = (
				55921B152CD0E58100E46DB1 /* ServicePath.swift */,
				55921B132CD0E50A00E46DB1 /* ServiceProtocol.swift */,
				55921B172CD0E60C00E46DB1 /* ServiceImpl.swift */,
				55921B192CD0E63800E46DB1 /* ResultResponse.swift */,
				55921B1B2CD0E66C00E46DB1 /* APIErrorResponse.swift */,
			);
			path = Service;
			sourceTree = "<group>";
		};
		55921B1D2CD0E7BB00E46DB1 /* Models */ = {
			isa = PBXGroup;
			children = (
				55921B1E2CD0E7C700E46DB1 /* Repo.swift */,
				55921B202CD0E96200E46DB1 /* Owner.swift */,
				55921B2F2CD0FE4A00E46DB1 /* GithubError.swift */,
			);
			path = Models;
			sourceTree = "<group>";
		};
		55921B222CD0EF7B00E46DB1 /* Commons */ = {
			isa = PBXGroup;
			children = (
				55921B232CD0EF8800E46DB1 /* Extensions */,
			);
			path = Commons;
			sourceTree = "<group>";
		};
		55921B232CD0EF8800E46DB1 /* Extensions */ = {
			isa = PBXGroup;
			children = (
				55921B242CD0EF9900E46DB1 /* UIViewController+Ext.swift */,
				55921B2D2CD0F96700E46DB1 /* Strings+Ext.swift */,
				55921B3F2CD1070500E46DB1 /* UIImageView+Ext.swift */,
			);
			path = Extensions;
			sourceTree = "<group>";
		};
		55921B312CD0FFB800E46DB1 /* Details */ = {
			isa = PBXGroup;
			children = (
				55921B3A2CD1023D00E46DB1 /* ProfileView */,
				55921B322CD0FFC800E46DB1 /* DetailsRouter.swift */,
				55921B342CD0FFC800E46DB1 /* DetailsViewModel.swift */,
				55921B332CD0FFC800E46DB1 /* DetailsViewController.swift */,
				55921B352CD0FFC800E46DB1 /* DetailsViewController.xib */,
			);
			path = Details;
			sourceTree = "<group>";
		};
		55921B3A2CD1023D00E46DB1 /* ProfileView */ = {
			isa = PBXGroup;
			children = (
				55921B3B2CD1025D00E46DB1 /* ProfileView.swift */,
				55921B3C2CD1025D00E46DB1 /* ProfileView.xib */,
			);
			path = ProfileView;
			sourceTree = "<group>";
		};
		55921B412CD1155500E46DB1 /* UI */ = {
			isa = PBXGroup;
			children = (
				55921B432CD1155F00E46DB1 /* Details */,
				55921B422CD1155A00E46DB1 /* Home */,
			);
			path = UI;
			sourceTree = "<group>";
		};
		55921B422CD1155A00E46DB1 /* Home */ = {
			isa = PBXGroup;
			children = (
				55921B462CD115CE00E46DB1 /* Mocks */,
				55921B442CD1157A00E46DB1 /* HomeViewModelTests.swift */,
			);
			path = Home;
			sourceTree = "<group>";
		};
		55921B432CD1155F00E46DB1 /* Details */ = {
			isa = PBXGroup;
			children = (
				55921B472CD115D300E46DB1 /* Mocks */,
				55921B502CD1282F00E46DB1 /* DetailsViewModelTests.swift */,
			);
			path = Details;
			sourceTree = "<group>";
		};
		55921B462CD115CE00E46DB1 /* Mocks */ = {
			isa = PBXGroup;
			children = (
				55921B482CD115E100E46DB1 /* MockHomeView.swift */,
				55921B4A2CD117F700E46DB1 /* MockService.swift */,
				55921B4C2CD11FC000E46DB1 /* MockRouter.swift */,
				55921B4E2CD120B900E46DB1 /* MockFactory.swift */,
			);
			path = Mocks;
			sourceTree = "<group>";
		};
		55921B472CD115D300E46DB1 /* Mocks */ = {
			isa = PBXGroup;
			children = (
			);
			path = Mocks;
			sourceTree = "<group>";
		};
/* End PBXGroup section */

/* Begin PBXNativeTarget section */
		55921AD12CD0DE2000E46DB1 /* AgileContent */ = {
			isa = PBXNativeTarget;
			buildConfigurationList = 55921AFC2CD0DE2100E46DB1 /* Build configuration list for PBXNativeTarget "AgileContent" */;
			buildPhases = (
				55921ACE2CD0DE2000E46DB1 /* Sources */,
				55921ACF2CD0DE2000E46DB1 /* Frameworks */,
				55921AD02CD0DE2000E46DB1 /* Resources */,
			);
			buildRules = (
			);
			dependencies = (
			);
			name = AgileContent;
			productName = AgileContent;
			productReference = 55921AD22CD0DE2000E46DB1 /* AgileContent.app */;
			productType = "com.apple.product-type.application";
		};
		55921AE72CD0DE2100E46DB1 /* AgileContentTests */ = {
			isa = PBXNativeTarget;
			buildConfigurationList = 55921AFF2CD0DE2100E46DB1 /* Build configuration list for PBXNativeTarget "AgileContentTests" */;
			buildPhases = (
				55921AE42CD0DE2100E46DB1 /* Sources */,
				55921AE52CD0DE2100E46DB1 /* Frameworks */,
				55921AE62CD0DE2100E46DB1 /* Resources */,
			);
			buildRules = (
			);
			dependencies = (
				55921AEA2CD0DE2100E46DB1 /* PBXTargetDependency */,
			);
			name = AgileContentTests;
			productName = AgileContentTests;
			productReference = 55921AE82CD0DE2100E46DB1 /* AgileContentTests.xctest */;
			productType = "com.apple.product-type.bundle.unit-test";
		};
		55921AF12CD0DE2100E46DB1 /* AgileContentUITests */ = {
			isa = PBXNativeTarget;
			buildConfigurationList = 55921B022CD0DE2100E46DB1 /* Build configuration list for PBXNativeTarget "AgileContentUITests" */;
			buildPhases = (
				55921AEE2CD0DE2100E46DB1 /* Sources */,
				55921AEF2CD0DE2100E46DB1 /* Frameworks */,
				55921AF02CD0DE2100E46DB1 /* Resources */,
			);
			buildRules = (
			);
			dependencies = (
				55921AF42CD0DE2100E46DB1 /* PBXTargetDependency */,
			);
			name = AgileContentUITests;
			productName = AgileContentUITests;
			productReference = 55921AF22CD0DE2100E46DB1 /* AgileContentUITests.xctest */;
			productType = "com.apple.product-type.bundle.ui-testing";
		};
/* End PBXNativeTarget section */

/* Begin PBXProject section */
		55921ACA2CD0DE2000E46DB1 /* Project object */ = {
			isa = PBXProject;
			attributes = {
				BuildIndependentTargetsInParallel = 1;
				LastSwiftUpdateCheck = 1540;
				LastUpgradeCheck = 1540;
				TargetAttributes = {
					55921AD12CD0DE2000E46DB1 = {
						CreatedOnToolsVersion = 15.4;
					};
					55921AE72CD0DE2100E46DB1 = {
						CreatedOnToolsVersion = 15.4;
						TestTargetID = 55921AD12CD0DE2000E46DB1;
					};
					55921AF12CD0DE2100E46DB1 = {
						CreatedOnToolsVersion = 15.4;
						TestTargetID = 55921AD12CD0DE2000E46DB1;
					};
				};
			};
			buildConfigurationList = 55921ACD2CD0DE2000E46DB1 /* Build configuration list for PBXProject "AgileContent" */;
			compatibilityVersion = "Xcode 14.0";
			developmentRegion = en;
			hasScannedForEncodings = 0;
			knownRegions = (
				en,
				Base,
				es,
			);
			mainGroup = 55921AC92CD0DE2000E46DB1;
			productRefGroup = 55921AD32CD0DE2000E46DB1 /* Products */;
			projectDirPath = "";
			projectRoot = "";
			targets = (
				55921AD12CD0DE2000E46DB1 /* AgileContent */,
				55921AE72CD0DE2100E46DB1 /* AgileContentTests */,
				55921AF12CD0DE2100E46DB1 /* AgileContentUITests */,
			);
		};
/* End PBXProject section */

/* Begin PBXResourcesBuildPhase section */
		55921AD02CD0DE2000E46DB1 /* Resources */ = {
			isa = PBXResourcesBuildPhase;
			buildActionMask = 2147483647;
			files = (
				55921ADF2CD0DE2100E46DB1 /* Assets.xcassets in Resources */,
				55921B2B2CD0F85400E46DB1 /* Localizable.strings in Resources */,
				55921B392CD0FFC800E46DB1 /* DetailsViewController.xib in Resources */,
				55921AE22CD0DE2100E46DB1 /* Base in Resources */,
				55921B102CD0E16600E46DB1 /* HomeViewController.xib in Resources */,
				55921B3E2CD1025D00E46DB1 /* ProfileView.xib in Resources */,
			);
			runOnlyForDeploymentPostprocessing = 0;
		};
		55921AE62CD0DE2100E46DB1 /* Resources */ = {
			isa = PBXResourcesBuildPhase;
			buildActionMask = 2147483647;
			files = (
			);
			runOnlyForDeploymentPostprocessing = 0;
		};
		55921AF02CD0DE2100E46DB1 /* Resources */ = {
			isa = PBXResourcesBuildPhase;
			buildActionMask = 2147483647;
			files = (
			);
			runOnlyForDeploymentPostprocessing = 0;
		};
/* End PBXResourcesBuildPhase section */

/* Begin PBXSourcesBuildPhase section */
		55921ACE2CD0DE2000E46DB1 /* Sources */ = {
			isa = PBXSourcesBuildPhase;
			buildActionMask = 2147483647;
			files = (
				55921B1F2CD0E7C700E46DB1 /* Repo.swift in Sources */,
				55921B252CD0EF9900E46DB1 /* UIViewController+Ext.swift in Sources */,
				55921B212CD0E96200E46DB1 /* Owner.swift in Sources */,
				55921B362CD0FFC800E46DB1 /* DetailsRouter.swift in Sources */,
				55921B372CD0FFC800E46DB1 /* DetailsViewController.swift in Sources */,
				55921B3D2CD1025D00E46DB1 /* ProfileView.swift in Sources */,
				55921B382CD0FFC800E46DB1 /* DetailsViewModel.swift in Sources */,
				55921AD62CD0DE2000E46DB1 /* AppDelegate.swift in Sources */,
				55921B162CD0E58100E46DB1 /* ServicePath.swift in Sources */,
				55921B142CD0E50A00E46DB1 /* ServiceProtocol.swift in Sources */,
				55921B2E2CD0F96700E46DB1 /* Strings+Ext.swift in Sources */,
				55921AD82CD0DE2000E46DB1 /* SceneDelegate.swift in Sources */,
				55921B0D2CD0E16600E46DB1 /* HomeRouter.swift in Sources */,
				55921B302CD0FE4A00E46DB1 /* GithubError.swift in Sources */,
				55921B0E2CD0E16600E46DB1 /* HomeViewController.swift in Sources */,
				55921B1A2CD0E63800E46DB1 /* ResultResponse.swift in Sources */,
				55921B402CD1070500E46DB1 /* UIImageView+Ext.swift in Sources */,
				55921B0F2CD0E16600E46DB1 /* HomeViewModel.swift in Sources */,
				55921B1C2CD0E66C00E46DB1 /* APIErrorResponse.swift in Sources */,
				55921B182CD0E60C00E46DB1 /* ServiceImpl.swift in Sources */,
			);
			runOnlyForDeploymentPostprocessing = 0;
		};
		55921AE42CD0DE2100E46DB1 /* Sources */ = {
			isa = PBXSourcesBuildPhase;
			buildActionMask = 2147483647;
			files = (
				55921AED2CD0DE2100E46DB1 /* AgileContentTests.swift in Sources */,
				55921B4D2CD11FC000E46DB1 /* MockRouter.swift in Sources */,
				55921B4F2CD120B900E46DB1 /* MockFactory.swift in Sources */,
				55921B452CD1157A00E46DB1 /* HomeViewModelTests.swift in Sources */,
				55921B512CD1282F00E46DB1 /* DetailsViewModelTests.swift in Sources */,
				55921B492CD115E100E46DB1 /* MockHomeView.swift in Sources */,
				55921B4B2CD117F700E46DB1 /* MockService.swift in Sources */,
			);
			runOnlyForDeploymentPostprocessing = 0;
		};
		55921AEE2CD0DE2100E46DB1 /* Sources */ = {
			isa = PBXSourcesBuildPhase;
			buildActionMask = 2147483647;
			files = (
				55921AF72CD0DE2100E46DB1 /* AgileContentUITests.swift in Sources */,
				55921AF92CD0DE2100E46DB1 /* AgileContentUITestsLaunchTests.swift in Sources */,
			);
			runOnlyForDeploymentPostprocessing = 0;
		};
/* End PBXSourcesBuildPhase section */

/* Begin PBXTargetDependency section */
		55921AEA2CD0DE2100E46DB1 /* PBXTargetDependency */ = {
			isa = PBXTargetDependency;
			target = 55921AD12CD0DE2000E46DB1 /* AgileContent */;
			targetProxy = 55921AE92CD0DE2100E46DB1 /* PBXContainerItemProxy */;
		};
		55921AF42CD0DE2100E46DB1 /* PBXTargetDependency */ = {
			isa = PBXTargetDependency;
			target = 55921AD12CD0DE2000E46DB1 /* AgileContent */;
			targetProxy = 55921AF32CD0DE2100E46DB1 /* PBXContainerItemProxy */;
		};
/* End PBXTargetDependency section */

/* Begin PBXVariantGroup section */
		55921AE02CD0DE2100E46DB1 /* LaunchScreen.storyboard */ = {
			isa = PBXVariantGroup;
			children = (
				55921AE12CD0DE2100E46DB1 /* Base */,
			);
			name = LaunchScreen.storyboard;
			sourceTree = "<group>";
		};
		55921B292CD0F85400E46DB1 /* Localizable.strings */ = {
			isa = PBXVariantGroup;
			children = (
				55921B2A2CD0F85400E46DB1 /* en */,
				55921B2C2CD0F86B00E46DB1 /* es */,
			);
			name = Localizable.strings;
			sourceTree = "<group>";
		};
/* End PBXVariantGroup section */

/* Begin XCBuildConfiguration section */
		55921AFA2CD0DE2100E46DB1 /* Debug */ = {
			isa = XCBuildConfiguration;
			buildSettings = {
				ALWAYS_SEARCH_USER_PATHS = NO;
				ASSETCATALOG_COMPILER_GENERATE_SWIFT_ASSET_SYMBOL_EXTENSIONS = YES;
				CLANG_ANALYZER_LOCALIZABILITY_NONLOCALIZED = YES;
				CLANG_ANALYZER_NONNULL = YES;
				CLANG_ANALYZER_NUMBER_OBJECT_CONVERSION = YES_AGGRESSIVE;
				CLANG_CXX_LANGUAGE_STANDARD = "gnu++20";
				CLANG_ENABLE_MODULES = YES;
				CLANG_ENABLE_OBJC_ARC = YES;
				CLANG_ENABLE_OBJC_WEAK = YES;
				CLANG_WARN_BLOCK_CAPTURE_AUTORELEASING = YES;
				CLANG_WARN_BOOL_CONVERSION = YES;
				CLANG_WARN_COMMA = YES;
				CLANG_WARN_CONSTANT_CONVERSION = YES;
				CLANG_WARN_DEPRECATED_OBJC_IMPLEMENTATIONS = YES;
				CLANG_WARN_DIRECT_OBJC_ISA_USAGE = YES_ERROR;
				CLANG_WARN_DOCUMENTATION_COMMENTS = YES;
				CLANG_WARN_EMPTY_BODY = YES;
				CLANG_WARN_ENUM_CONVERSION = YES;
				CLANG_WARN_INFINITE_RECURSION = YES;
				CLANG_WARN_INT_CONVERSION = YES;
				CLANG_WARN_NON_LITERAL_NULL_CONVERSION = YES;
				CLANG_WARN_OBJC_IMPLICIT_RETAIN_SELF = YES;
				CLANG_WARN_OBJC_LITERAL_CONVERSION = YES;
				CLANG_WARN_OBJC_ROOT_CLASS = YES_ERROR;
				CLANG_WARN_QUOTED_INCLUDE_IN_FRAMEWORK_HEADER = YES;
				CLANG_WARN_RANGE_LOOP_ANALYSIS = YES;
				CLANG_WARN_STRICT_PROTOTYPES = YES;
				CLANG_WARN_SUSPICIOUS_MOVE = YES;
				CLANG_WARN_UNGUARDED_AVAILABILITY = YES_AGGRESSIVE;
				CLANG_WARN_UNREACHABLE_CODE = YES;
				CLANG_WARN__DUPLICATE_METHOD_MATCH = YES;
				COPY_PHASE_STRIP = NO;
				DEBUG_INFORMATION_FORMAT = dwarf;
				ENABLE_STRICT_OBJC_MSGSEND = YES;
				ENABLE_TESTABILITY = YES;
				ENABLE_USER_SCRIPT_SANDBOXING = YES;
				GCC_C_LANGUAGE_STANDARD = gnu17;
				GCC_DYNAMIC_NO_PIC = NO;
				GCC_NO_COMMON_BLOCKS = YES;
				GCC_OPTIMIZATION_LEVEL = 0;
				GCC_PREPROCESSOR_DEFINITIONS = (
					"DEBUG=1",
					"$(inherited)",
				);
				GCC_WARN_64_TO_32_BIT_CONVERSION = YES;
				GCC_WARN_ABOUT_RETURN_TYPE = YES_ERROR;
				GCC_WARN_UNDECLARED_SELECTOR = YES;
				GCC_WARN_UNINITIALIZED_AUTOS = YES_AGGRESSIVE;
				GCC_WARN_UNUSED_FUNCTION = YES;
				GCC_WARN_UNUSED_VARIABLE = YES;
				IPHONEOS_DEPLOYMENT_TARGET = 17.0;
				LOCALIZATION_PREFERS_STRING_CATALOGS = YES;
				MTL_ENABLE_DEBUG_INFO = INCLUDE_SOURCE;
				MTL_FAST_MATH = YES;
				ONLY_ACTIVE_ARCH = YES;
				SDKROOT = iphoneos;
				SWIFT_ACTIVE_COMPILATION_CONDITIONS = "DEBUG $(inherited)";
				SWIFT_OPTIMIZATION_LEVEL = "-Onone";
			};
			name = Debug;
		};
		55921AFB2CD0DE2100E46DB1 /* Release */ = {
			isa = XCBuildConfiguration;
			buildSettings = {
				ALWAYS_SEARCH_USER_PATHS = NO;
				ASSETCATALOG_COMPILER_GENERATE_SWIFT_ASSET_SYMBOL_EXTENSIONS = YES;
				CLANG_ANALYZER_LOCALIZABILITY_NONLOCALIZED = YES;
				CLANG_ANALYZER_NONNULL = YES;
				CLANG_ANALYZER_NUMBER_OBJECT_CONVERSION = YES_AGGRESSIVE;
				CLANG_CXX_LANGUAGE_STANDARD = "gnu++20";
				CLANG_ENABLE_MODULES = YES;
				CLANG_ENABLE_OBJC_ARC = YES;
				CLANG_ENABLE_OBJC_WEAK = YES;
				CLANG_WARN_BLOCK_CAPTURE_AUTORELEASING = YES;
				CLANG_WARN_BOOL_CONVERSION = YES;
				CLANG_WARN_COMMA = YES;
				CLANG_WARN_CONSTANT_CONVERSION = YES;
				CLANG_WARN_DEPRECATED_OBJC_IMPLEMENTATIONS = YES;
				CLANG_WARN_DIRECT_OBJC_ISA_USAGE = YES_ERROR;
				CLANG_WARN_DOCUMENTATION_COMMENTS = YES;
				CLANG_WARN_EMPTY_BODY = YES;
				CLANG_WARN_ENUM_CONVERSION = YES;
				CLANG_WARN_INFINITE_RECURSION = YES;
				CLANG_WARN_INT_CONVERSION = YES;
				CLANG_WARN_NON_LITERAL_NULL_CONVERSION = YES;
				CLANG_WARN_OBJC_IMPLICIT_RETAIN_SELF = YES;
				CLANG_WARN_OBJC_LITERAL_CONVERSION = YES;
				CLANG_WARN_OBJC_ROOT_CLASS = YES_ERROR;
				CLANG_WARN_QUOTED_INCLUDE_IN_FRAMEWORK_HEADER = YES;
				CLANG_WARN_RANGE_LOOP_ANALYSIS = YES;
				CLANG_WARN_STRICT_PROTOTYPES = YES;
				CLANG_WARN_SUSPICIOUS_MOVE = YES;
				CLANG_WARN_UNGUARDED_AVAILABILITY = YES_AGGRESSIVE;
				CLANG_WARN_UNREACHABLE_CODE = YES;
				CLANG_WARN__DUPLICATE_METHOD_MATCH = YES;
				COPY_PHASE_STRIP = NO;
				DEBUG_INFORMATION_FORMAT = "dwarf-with-dsym";
				ENABLE_NS_ASSERTIONS = NO;
				ENABLE_STRICT_OBJC_MSGSEND = YES;
				ENABLE_USER_SCRIPT_SANDBOXING = YES;
				GCC_C_LANGUAGE_STANDARD = gnu17;
				GCC_NO_COMMON_BLOCKS = YES;
				GCC_WARN_64_TO_32_BIT_CONVERSION = YES;
				GCC_WARN_ABOUT_RETURN_TYPE = YES_ERROR;
				GCC_WARN_UNDECLARED_SELECTOR = YES;
				GCC_WARN_UNINITIALIZED_AUTOS = YES_AGGRESSIVE;
				GCC_WARN_UNUSED_FUNCTION = YES;
				GCC_WARN_UNUSED_VARIABLE = YES;
				IPHONEOS_DEPLOYMENT_TARGET = 17.0;
				LOCALIZATION_PREFERS_STRING_CATALOGS = YES;
				MTL_ENABLE_DEBUG_INFO = NO;
				MTL_FAST_MATH = YES;
				SDKROOT = iphoneos;
				SWIFT_COMPILATION_MODE = wholemodule;
				VALIDATE_PRODUCT = YES;
			};
			name = Release;
		};
		55921AFD2CD0DE2100E46DB1 /* Debug */ = {
			isa = XCBuildConfiguration;
			buildSettings = {
				ASSETCATALOG_COMPILER_APPICON_NAME = AppIcon;
				ASSETCATALOG_COMPILER_GLOBAL_ACCENT_COLOR_NAME = AccentColor;
				CODE_SIGN_STYLE = Automatic;
				CURRENT_PROJECT_VERSION = 1;
				GENERATE_INFOPLIST_FILE = YES;
				INFOPLIST_FILE = AgileContent/Info.plist;
				INFOPLIST_KEY_UIApplicationSupportsIndirectInputEvents = YES;
				INFOPLIST_KEY_UILaunchStoryboardName = LaunchScreen;
				INFOPLIST_KEY_UISupportedInterfaceOrientations = UIInterfaceOrientationPortrait;
				IPHONEOS_DEPLOYMENT_TARGET = 17.0;
				LD_RUNPATH_SEARCH_PATHS = (
					"$(inherited)",
					"@executable_path/Frameworks",
				);
				MARKETING_VERSION = 1.0;
				PRODUCT_BUNDLE_IDENTIFIER = com.oscargarrucho.AgileContent;
				PRODUCT_NAME = "$(TARGET_NAME)";
				SWIFT_EMIT_LOC_STRINGS = YES;
				SWIFT_VERSION = 5.0;
				TARGETED_DEVICE_FAMILY = "1,2";
			};
			name = Debug;
		};
		55921AFE2CD0DE2100E46DB1 /* Release */ = {
			isa = XCBuildConfiguration;
			buildSettings = {
				ASSETCATALOG_COMPILER_APPICON_NAME = AppIcon;
				ASSETCATALOG_COMPILER_GLOBAL_ACCENT_COLOR_NAME = AccentColor;
				CODE_SIGN_STYLE = Automatic;
				CURRENT_PROJECT_VERSION = 1;
				GENERATE_INFOPLIST_FILE = YES;
				INFOPLIST_FILE = AgileContent/Info.plist;
				INFOPLIST_KEY_UIApplicationSupportsIndirectInputEvents = YES;
				INFOPLIST_KEY_UILaunchStoryboardName = LaunchScreen;
				INFOPLIST_KEY_UISupportedInterfaceOrientations = UIInterfaceOrientationPortrait;
				IPHONEOS_DEPLOYMENT_TARGET = 17.0;
				LD_RUNPATH_SEARCH_PATHS = (
					"$(inherited)",
					"@executable_path/Frameworks",
				);
				MARKETING_VERSION = 1.0;
				PRODUCT_BUNDLE_IDENTIFIER = com.oscargarrucho.AgileContent;
				PRODUCT_NAME = "$(TARGET_NAME)";
				SWIFT_EMIT_LOC_STRINGS = YES;
				SWIFT_VERSION = 5.0;
				TARGETED_DEVICE_FAMILY = "1,2";
			};
			name = Release;
		};
		55921B002CD0DE2100E46DB1 /* Debug */ = {
			isa = XCBuildConfiguration;
			buildSettings = {
				ALWAYS_EMBED_SWIFT_STANDARD_LIBRARIES = YES;
				BUNDLE_LOADER = "$(TEST_HOST)";
				CODE_SIGN_STYLE = Automatic;
				CURRENT_PROJECT_VERSION = 1;
				GENERATE_INFOPLIST_FILE = YES;
				IPHONEOS_DEPLOYMENT_TARGET = 17.5;
				MARKETING_VERSION = 1.0;
				PRODUCT_BUNDLE_IDENTIFIER = com.oscargarrucho.AgileContentTests;
				PRODUCT_NAME = "$(TARGET_NAME)";
				SWIFT_EMIT_LOC_STRINGS = NO;
				SWIFT_VERSION = 5.0;
				TARGETED_DEVICE_FAMILY = "1,2";
				TEST_HOST = "$(BUILT_PRODUCTS_DIR)/AgileContent.app/$(BUNDLE_EXECUTABLE_FOLDER_PATH)/AgileContent";
			};
			name = Debug;
		};
		55921B012CD0DE2100E46DB1 /* Release */ = {
			isa = XCBuildConfiguration;
			buildSettings = {
				ALWAYS_EMBED_SWIFT_STANDARD_LIBRARIES = YES;
				BUNDLE_LOADER = "$(TEST_HOST)";
				CODE_SIGN_STYLE = Automatic;
				CURRENT_PROJECT_VERSION = 1;
				GENERATE_INFOPLIST_FILE = YES;
				IPHONEOS_DEPLOYMENT_TARGET = 17.5;
				MARKETING_VERSION = 1.0;
				PRODUCT_BUNDLE_IDENTIFIER = com.oscargarrucho.AgileContentTests;
				PRODUCT_NAME = "$(TARGET_NAME)";
				SWIFT_EMIT_LOC_STRINGS = NO;
				SWIFT_VERSION = 5.0;
				TARGETED_DEVICE_FAMILY = "1,2";
				TEST_HOST = "$(BUILT_PRODUCTS_DIR)/AgileContent.app/$(BUNDLE_EXECUTABLE_FOLDER_PATH)/AgileContent";
			};
			name = Release;
		};
		55921B032CD0DE2100E46DB1 /* Debug */ = {
			isa = XCBuildConfiguration;
			buildSettings = {
				ALWAYS_EMBED_SWIFT_STANDARD_LIBRARIES = YES;
				CODE_SIGN_STYLE = Automatic;
				CURRENT_PROJECT_VERSION = 1;
				GENERATE_INFOPLIST_FILE = YES;
				MARKETING_VERSION = 1.0;
				PRODUCT_BUNDLE_IDENTIFIER = com.oscargarrucho.AgileContentUITests;
				PRODUCT_NAME = "$(TARGET_NAME)";
				SWIFT_EMIT_LOC_STRINGS = NO;
				SWIFT_VERSION = 5.0;
				TARGETED_DEVICE_FAMILY = "1,2";
				TEST_TARGET_NAME = AgileContent;
			};
			name = Debug;
		};
		55921B042CD0DE2100E46DB1 /* Release */ = {
			isa = XCBuildConfiguration;
			buildSettings = {
				ALWAYS_EMBED_SWIFT_STANDARD_LIBRARIES = YES;
				CODE_SIGN_STYLE = Automatic;
				CURRENT_PROJECT_VERSION = 1;
				GENERATE_INFOPLIST_FILE = YES;
				MARKETING_VERSION = 1.0;
				PRODUCT_BUNDLE_IDENTIFIER = com.oscargarrucho.AgileContentUITests;
				PRODUCT_NAME = "$(TARGET_NAME)";
				SWIFT_EMIT_LOC_STRINGS = NO;
				SWIFT_VERSION = 5.0;
				TARGETED_DEVICE_FAMILY = "1,2";
				TEST_TARGET_NAME = AgileContent;
			};
			name = Release;
		};
/* End XCBuildConfiguration section */

/* Begin XCConfigurationList section */
		55921ACD2CD0DE2000E46DB1 /* Build configuration list for PBXProject "AgileContent" */ = {
			isa = XCConfigurationList;
			buildConfigurations = (
				55921AFA2CD0DE2100E46DB1 /* Debug */,
				55921AFB2CD0DE2100E46DB1 /* Release */,
			);
			defaultConfigurationIsVisible = 0;
			defaultConfigurationName = Release;
		};
		55921AFC2CD0DE2100E46DB1 /* Build configuration list for PBXNativeTarget "AgileContent" */ = {
			isa = XCConfigurationList;
			buildConfigurations = (
				55921AFD2CD0DE2100E46DB1 /* Debug */,
				55921AFE2CD0DE2100E46DB1 /* Release */,
			);
			defaultConfigurationIsVisible = 0;
			defaultConfigurationName = Release;
		};
		55921AFF2CD0DE2100E46DB1 /* Build configuration list for PBXNativeTarget "AgileContentTests" */ = {
			isa = XCConfigurationList;
			buildConfigurations = (
				55921B002CD0DE2100E46DB1 /* Debug */,
				55921B012CD0DE2100E46DB1 /* Release */,
			);
			defaultConfigurationIsVisible = 0;
			defaultConfigurationName = Release;
		};
		55921B022CD0DE2100E46DB1 /* Build configuration list for PBXNativeTarget "AgileContentUITests" */ = {
			isa = XCConfigurationList;
			buildConfigurations = (
				55921B032CD0DE2100E46DB1 /* Debug */,
				55921B042CD0DE2100E46DB1 /* Release */,
			);
			defaultConfigurationIsVisible = 0;
			defaultConfigurationName = Release;
		};
/* End XCConfigurationList section */
	};
	rootObject = 55921ACA2CD0DE2000E46DB1 /* Project object */;
}
